github.com/bitly/go-hostpool v0.0.0-20171023180738-a3a6125de932 h1:mXoPYz/Ul5HYEDvkta6I8/rnYM5gSdSV2tJ6XbZuEtY=
github.com/bitly/go-hostpool v0.0.0-20171023180738-a3a6125de932/go.mod h1:NOuUCSz6Q9T7+igc/hlvDOUdtWKryOrtFyIVABv/p7k=
github.com/bmizerany/assert v0.0.0-20160611221934-b7ed37b82869 h1:DDGfHa7BWjL4YnC6+E63dPcxHo2sUxDIu8g3QgEJdRY=
github.com/bmizerany/assert v0.0.0-20160611221934-b7ed37b82869/go.mod h1:Ekp36dRnpXw/yCqJaO+ZrUyxD+3VXMFFr56k5XYrpB4=
github.com/davecgh/go-spew v1.1.0 h1:ZDRjVQ15GmhC3fiQ8ni8+OwkZQO4DARzQgrnXU1Liz8=
github.com/davecgh/go-spew v1.1.0/go.mod h1:J7Y8YcW2NihsgmVo/mv3lAwl/skON4iLHjSsI+c5H38=
github.com/gocql/gocql v0.0.0-20211015133455-b225f9b53fa1 h1:px9qUCy/RNJNsfCam4m2IxWGxNuimkrioEF0vrrbPsg=
github.com/gocql/gocql v0.0.0-20211015133455-b225f9b53fa1/go.mod h1:3gM2c4D3AnkISwBxGnMMsS8Oy4y2lhbPRsH4xnJrHG8=
github.com/golang/snappy v0.0.3/go.mod h1:/XxbfmMg8lxefKM7IXC3fBNl/7bRcc72aCRzEWrmP2Q=
github.com/golang/snappy v0.0.4 h1:yAGX7huGHXlcLOEtBnF4w7FQwA26wojNCwOYAEhLjQM=
github.com/golang/snappy v0.0.4/go.mod h1:/XxbfmMg8lxefKM7IXC3fBNl/7bRcc72aCRzEWrmP2Q=
github.com/hailocab/go-hostpool v0.0.0-20160125115350-e80d13ce29ed h1:5upAirOpQc1Q53c0bnx2ufif5kANL7bfZWcc6VJWJd8=
github.com/hailocab/go-hostpool v0.0.0-20160125115350-e80d13ce29ed/go.mod h1:tMWxXQ9wFIaZeTI9F+hmhFiGpFmhOHzyShyFUhRm0H4=
github.com/heeus/core-istorage v0.0.0-20211112083443-e2a63b302fee h1:Gl+K1SfkQ0QqmntE7EvClAc2MGp+jsNkOisXi2U3S5w=
github.com/heeus/core-istorage v0.0.0-20211112083443-e2a63b302fee/go.mod h1:wFEKcfaHwJnJk0MyIysZGZq0/wjpw0CaSPPiKOeapBc=
github.com/heeus/core-istoragemem v0.0.0-20211116120046-b8612a5f146d h1:jkbMXrHF9IduZ91JfFn/D1a4Cpnvn2BxrZrg2Xbu9pk=
github.com/heeus/core-istoragemem v0.0.0-20211116120046-b8612a5f146d/go.mod h1:PENY1wMJChJv+iEtVvtf6liehVbqH8RFBhYzTA0UBNU=
github.com/heeus/core-istoragemem v0.0.0-20211116133021-205a91e4a890 h1:R4en+2VrZfa6EmXFsvu4DsKPe83I/R7YLxLz+umhClk=
github.com/heeus/core-istoragemem v0.0.0-20211116133021-205a91e4a890/go.mod h1:PENY1wMJChJv+iEtVvtf6liehVbqH8RFBhYzTA0UBNU=
github.com/heeus/core-istructs v0.0.0-20211108121715-8682d37c83cd/go.mod h1:oBnZjfHZceR9BDMvXntoryLsgsQuhiKEB11lKHAoiVI=
github.com/heeus/core-istructs v0.0.0-20211112053359-5f520278110e/go.mod h1:oBnZjfHZceR9BDMvXntoryLsgsQuhiKEB11lKHAoiVI=
github.com/heeus/core-istructs v0.0.0-20211114082047-0cbc2d3a8b0c h1:LpFElXNVy2osIcZ5FjpFxZXiRudByaJzYgruPMmB6L0=
github.com/heeus/core-istructs v0.0.0-20211114082047-0cbc2d3a8b0c/go.mod h1:oBnZjfHZceR9BDMvXntoryLsgsQuhiKEB11lKHAoiVI=
github.com/heeus/core-pipeline v0.0.0-20211020124904-df3caaaecd30/go.mod h1:285jU5GHo8YFDPd60Q6y+Ls4hCqyg3tDKBqLHxUHdrU=
github.com/heeus/core-pipeline v0.0.0-20211112132123-94b7becdb35a h1:3t4HlFcNS5XIcUJSv6nWu4kGOzngqqaPWQHFBeGQVQY=
github.com/heeus/core-pipeline v0.0.0-20211112132123-94b7becdb35a/go.mod h1:285jU5GHo8YFDPd60Q6y+Ls4hCqyg3tDKBqLHxUHdrU=
github.com/kr/pretty v0.1.0 h1:L/CwN0zerZDmRFUapSPitk6f+Q3+0za1rQkzVuMiMFI=
github.com/kr/pretty v0.1.0/go.mod h1:dAy3ld7l9f0ibDNOQOHHMYYIIbhfbHSm3C4ZsoJORNo=
github.com/kr/pty v1.1.1/go.mod h1:pFQYn66WHrOpPYNljwOMqo10TkYh1fy3cYio2l3bCsQ=
github.com/kr/text v0.1.0 h1:45sCR5RtlFHMR4UwH9sdQ5TC8v0qDQCHnXt+kaKSTVE=
github.com/kr/text v0.1.0/go.mod h1:4Jbv+DJW3UT/LiOwJeYQe1efqtUx/iVham/4vfdArNI=
github.com/pmezard/go-difflib v1.0.0 h1:4DBwDE0NGyQoBHbLQYPwSUPoCMWR5BEzIk/f1lZbAQM=
github.com/pmezard/go-difflib v1.0.0/go.mod h1:iKH77koFhYxTK1pcRnkKkqfTogsbg7gZNVY4sRDYZ/4=
github.com/stretchr/objx v0.1.0/go.mod h1:HFkY916IF+rwdDfMAkV7OtwuqBVzrE8GR6GFx+wExME=
github.com/stretchr/testify v1.3.0/go.mod h1:M5WIy9Dh21IEIfnGCwXGc5bZfKNJtfHm1UVUgZn+9EI=
github.com/stretchr/testify v1.7.0 h1:nwc3DEeHmmLAfoZucVR881uASk0Mfjw8xYJ99tb5CcY=
github.com/stretchr/testify v1.7.0/go.mod h1:6Fq8oRcR53rry900zMqJjRRixrwX3KX962/h/Wwjteg=
gopkg.in/check.v1 v0.0.0-20161208181325-20d25e280405/go.mod h1:Co6ibVJAznAaIkqp8huTwlJQCZ016jof/cbN4VW5Yz0=
gopkg.in/inf.v0 v0.9.1 h1:73M5CoZyi3ZLMOyDlQh031Cx6N9NDJ2Vvfl76EDAgDc=
gopkg.in/inf.v0 v0.9.1/go.mod h1:cWUDdTG/fYaXco+Dcufb5Vnc6Gp2YChqWtbxRZE0mXw=
gopkg.in/yaml.v3 v3.0.0-20200313102051-9f266ea9e77c h1:dUUwHk2QECo/6vqA44rthZ8ie2QXMNeKRTHCNY2nXvo=
gopkg.in/yaml.v3 v3.0.0-20200313102051-9f266ea9e77c/go.mod h1:K4uyk7z7BCEPqu6E+C64Yfv1cQ7kz7rIZviUmN+EgEM=
